
Microsoft Visual Studio Solution File, Format Version 12.00
# Visual Studio Version 17
VisualStudioVersion = 17.10.35027.167
MinimumVisualStudioVersion = 10.0.40219.1
Project("{FAE04EC0-301F-11D3-BF4B-00C04F79EFBC}") = "API", "API\API.csproj", "{1BCA0C5C-9114-4C1D-A142-9901D5756BA3}"
EndProject
Global
	GlobalSection(SolutionConfigurationPlatforms) = preSolution
		Debug|Any CPU = Debug|Any CPU
		Release|Any CPU = Release|Any CPU
	EndGlobalSection
	GlobalSection(ProjectConfigurationPlatforms) = postSolution
		{1BCA0C5C-9114-4C1D-A142-9901D5756BA3}.Debug|Any CPU.ActiveCfg = Debug|Any CPU
		{1BCA0C5C-9114-4C1D-A142-9901D5756BA3}.Debug|Any CPU.Build.0 = Debug|Any CPU
		{1BCA0C5C-9114-4C1D-A142-9901D5756BA3}.Release|Any CPU.ActiveCfg = Release|Any CPU
		{1BCA0C5C-9114-4C1D-A142-9901D5756BA3}.Release|Any CPU.Build.0 = Release|Any CPU
	EndGlobalSection
	GlobalSection(SolutionProperties) = preSolution
		HideSolutionNode = FALSE
	EndGlobalSection
	GlobalSection(ExtensibilityGlobals) = postSolution
		SolutionGuid = {FA935DC5-6157-4375-8AA9-CD4BD0CEEDFD}
	EndGlobalSection
EndGlobal
